
Microsoft Visual Studio Solution File, Format Version 12.00
# Visual Studio 15
Project("{FAE04EC0-301F-11D3-BF4B-00C04F79EFBC}") = "Assembly-CSharp", "Assembly-CSharp.csproj", "{4208D9CD-8A4F-410A-A339-489DB27A9E6C}"
EndProject
Project("{FAE04EC0-301F-11D3-BF4B-00C04F79EFBC}") = "Assembly-CSharp-Editor", "Assembly-CSharp-Editor.csproj", "{9C915F06-2012-3A47-B6B7-7D914296D614}"
EndProject
Global
	GlobalSection(SolutionConfigurationPlatforms) = preSolution
		Debug|Any CPU = Debug|Any CPU
		Release|Any CPU = Release|Any CPU
	EndGlobalSection
	GlobalSection(ProjectConfigurationPlatforms) = postSolution
		{4208D9CD-8A4F-410A-A339-489DB27A9E6C}.Debug|Any CPU.ActiveCfg = Debug|Any CPU
		{4208D9CD-8A4F-410A-A339-489DB27A9E6C}.Debug|Any CPU.Build.0 = Debug|Any CPU
		{4208D9CD-8A4F-410A-A339-489DB27A9E6C}.Release|Any CPU.ActiveCfg = Release|Any CPU
		{4208D9CD-8A4F-410A-A339-489DB27A9E6C}.Release|Any CPU.Build.0 = Release|Any CPU
		{9C915F06-2012-3A47-B6B7-7D914296D614}.Debug|Any CPU.ActiveCfg = Debug|Any CPU
		{9C915F06-2012-3A47-B6B7-7D914296D614}.Debug|Any CPU.Build.0 = Debug|Any CPU
		{9C915F06-2012-3A47-B6B7-7D914296D614}.Release|Any CPU.ActiveCfg = Release|Any CPU
		{9C915F06-2012-3A47-B6B7-7D914296D614}.Release|Any CPU.Build.0 = Release|Any CPU
	EndGlobalSection
	GlobalSection(SolutionProperties) = preSolution
		HideSolutionNode = FALSE
	EndGlobalSection
EndGlobal
